
Microsoft Visual Studio Solution File, Format Version 12.00
# Visual Studio Version 17
VisualStudioVersion = 17.6.33829.357
MinimumVisualStudioVersion = 10.0.40219.1
Project("{FAE04EC0-301F-11D3-BF4B-00C04F79EFBC}") = "Ejercicios_POO", "Ejercicios_POO\Ejercicios_POO.csproj", "{4C03D1FD-A2E0-4608-A788-843FBBE6A83E}"
EndProject
Global
	GlobalSection(SolutionConfigurationPlatforms) = preSolution
		Debug|Any CPU = Debug|Any CPU
		Release|Any CPU = Release|Any CPU
	EndGlobalSection
	GlobalSection(ProjectConfigurationPlatforms) = postSolution
		{4C03D1FD-A2E0-4608-A788-843FBBE6A83E}.Debug|Any CPU.ActiveCfg = Debug|Any CPU
		{4C03D1FD-A2E0-4608-A788-843FBBE6A83E}.Debug|Any CPU.Build.0 = Debug|Any CPU
		{4C03D1FD-A2E0-4608-A788-843FBBE6A83E}.Release|Any CPU.ActiveCfg = Release|Any CPU
		{4C03D1FD-A2E0-4608-A788-843FBBE6A83E}.Release|Any CPU.Build.0 = Release|Any CPU
	EndGlobalSection
	GlobalSection(SolutionProperties) = preSolution
		HideSolutionNode = FALSE
	EndGlobalSection
	GlobalSection(ExtensibilityGlobals) = postSolution
		SolutionGuid = {6C912CB7-038F-4BD3-A515-74FB811F878E}
	EndGlobalSection
EndGlobal
